
Microsoft Visual Studio Solution File, Format Version 12.00
# Visual Studio Version 17
VisualStudioVersion = 17.0.31903.59
MinimumVisualStudioVersion = 10.0.40219.1
Project("{FAE04EC0-301F-11D3-BF4B-00C04F79EFBC}") = "TravelPlanner.API", "TravelPlanner.API\TravelPlanner.API.csproj", "{EE8B3235-0ED2-43D8-990B-9B4D9B98142F}"
EndProject
Project("{FAE04EC0-301F-11D3-BF4B-00C04F79EFBC}") = "TravelPlanner.Domain", "TravelPlanner.Domain\TravelPlanner.Domain.csproj", "{886F56E0-EE16-4C0E-9E4E-D70D1ABB6A0D}"
EndProject
Project("{FAE04EC0-301F-11D3-BF4B-00C04F79EFBC}") = "TravelPlanner.Application", "TravelPlanner.Application\TravelPlanner.Application.csproj", "{8B168990-F90D-4AE1-879A-8B1F1CE751D5}"
EndProject
Project("{FAE04EC0-301F-11D3-BF4B-00C04F79EFBC}") = "TravelPlanner.Infrastructure", "TravelPlanner.Infrastructure\TravelPlanner.Infrastructure.csproj", "{837BA0DD-C0A7-49B2-ACC4-D6D47E9FF58C}"
EndProject
Project("{FAE04EC0-301F-11D3-BF4B-00C04F79EFBC}") = "TravelPlanner.Tests", "TravelPlanner.Tests\TravelPlanner.Tests.csproj", "{C7AAF4D2-3FF3-4FC0-91FC-86D7C0ECB12B}"
EndProject
Project("{FAE04EC0-301F-11D3-BF4B-00C04F79EFBC}") = "TravelPlanner.WebUI", "TravelPlanner.WebUI\TravelPlanner.WebUI.csproj", "{1472DF9A-CDE2-48C3-B7CF-D9A048CB8B9D}"
EndProject
Global
	GlobalSection(SolutionConfigurationPlatforms) = preSolution
		Debug|Any CPU = Debug|Any CPU
		Debug|x64 = Debug|x64
		Debug|x86 = Debug|x86
		Release|Any CPU = Release|Any CPU
		Release|x64 = Release|x64
		Release|x86 = Release|x86
	EndGlobalSection
	GlobalSection(ProjectConfigurationPlatforms) = postSolution
		{EE8B3235-0ED2-43D8-990B-9B4D9B98142F}.Debug|Any CPU.ActiveCfg = Debug|Any CPU
		{EE8B3235-0ED2-43D8-990B-9B4D9B98142F}.Debug|Any CPU.Build.0 = Debug|Any CPU
		{EE8B3235-0ED2-43D8-990B-9B4D9B98142F}.Debug|x64.ActiveCfg = Debug|Any CPU
		{EE8B3235-0ED2-43D8-990B-9B4D9B98142F}.Debug|x64.Build.0 = Debug|Any CPU
		{EE8B3235-0ED2-43D8-990B-9B4D9B98142F}.Debug|x86.ActiveCfg = Debug|Any CPU
		{EE8B3235-0ED2-43D8-990B-9B4D9B98142F}.Debug|x86.Build.0 = Debug|Any CPU
		{EE8B3235-0ED2-43D8-990B-9B4D9B98142F}.Release|Any CPU.ActiveCfg = Release|Any CPU
		{EE8B3235-0ED2-43D8-990B-9B4D9B98142F}.Release|Any CPU.Build.0 = Release|Any CPU
		{EE8B3235-0ED2-43D8-990B-9B4D9B98142F}.Release|x64.ActiveCfg = Release|Any CPU
		{EE8B3235-0ED2-43D8-990B-9B4D9B98142F}.Release|x64.Build.0 = Release|Any CPU
		{EE8B3235-0ED2-43D8-990B-9B4D9B98142F}.Release|x86.ActiveCfg = Release|Any CPU
		{EE8B3235-0ED2-43D8-990B-9B4D9B98142F}.Release|x86.Build.0 = Release|Any CPU
		{886F56E0-EE16-4C0E-9E4E-D70D1ABB6A0D}.Debug|Any CPU.ActiveCfg = Debug|Any CPU
		{886F56E0-EE16-4C0E-9E4E-D70D1ABB6A0D}.Debug|Any CPU.Build.0 = Debug|Any CPU
		{886F56E0-EE16-4C0E-9E4E-D70D1ABB6A0D}.Debug|x64.ActiveCfg = Debug|Any CPU
		{886F56E0-EE16-4C0E-9E4E-D70D1ABB6A0D}.Debug|x64.Build.0 = Debug|Any CPU
		{886F56E0-EE16-4C0E-9E4E-D70D1ABB6A0D}.Debug|x86.ActiveCfg = Debug|Any CPU
		{886F56E0-EE16-4C0E-9E4E-D70D1ABB6A0D}.Debug|x86.Build.0 = Debug|Any CPU
		{886F56E0-EE16-4C0E-9E4E-D70D1ABB6A0D}.Release|Any CPU.ActiveCfg = Release|Any CPU
		{886F56E0-EE16-4C0E-9E4E-D70D1ABB6A0D}.Release|Any CPU.Build.0 = Release|Any CPU
		{886F56E0-EE16-4C0E-9E4E-D70D1ABB6A0D}.Release|x64.ActiveCfg = Release|Any CPU
		{886F56E0-EE16-4C0E-9E4E-D70D1ABB6A0D}.Release|x64.Build.0 = Release|Any CPU
		{886F56E0-EE16-4C0E-9E4E-D70D1ABB6A0D}.Release|x86.ActiveCfg = Release|Any CPU
		{886F56E0-EE16-4C0E-9E4E-D70D1ABB6A0D}.Release|x86.Build.0 = Release|Any CPU
		{8B168990-F90D-4AE1-879A-8B1F1CE751D5}.Debug|Any CPU.ActiveCfg = Debug|Any CPU
		{8B168990-F90D-4AE1-879A-8B1F1CE751D5}.Debug|Any CPU.Build.0 = Debug|Any CPU
		{8B168990-F90D-4AE1-879A-8B1F1CE751D5}.Debug|x64.ActiveCfg = Debug|Any CPU
		{8B168990-F90D-4AE1-879A-8B1F1CE751D5}.Debug|x64.Build.0 = Debug|Any CPU
		{8B168990-F90D-4AE1-879A-8B1F1CE751D5}.Debug|x86.ActiveCfg = Debug|Any CPU
		{8B168990-F90D-4AE1-879A-8B1F1CE751D5}.Debug|x86.Build.0 = Debug|Any CPU
		{8B168990-F90D-4AE1-879A-8B1F1CE751D5}.Release|Any CPU.ActiveCfg = Release|Any CPU
		{8B168990-F90D-4AE1-879A-8B1F1CE751D5}.Release|Any CPU.Build.0 = Release|Any CPU
		{8B168990-F90D-4AE1-879A-8B1F1CE751D5}.Release|x64.ActiveCfg = Release|Any CPU
		{8B168990-F90D-4AE1-879A-8B1F1CE751D5}.Release|x64.Build.0 = Release|Any CPU
		{8B168990-F90D-4AE1-879A-8B1F1CE751D5}.Release|x86.ActiveCfg = Release|Any CPU
		{8B168990-F90D-4AE1-879A-8B1F1CE751D5}.Release|x86.Build.0 = Release|Any CPU
		{837BA0DD-C0A7-49B2-ACC4-D6D47E9FF58C}.Debug|Any CPU.ActiveCfg = Debug|Any CPU
		{837BA0DD-C0A7-49B2-ACC4-D6D47E9FF58C}.Debug|Any CPU.Build.0 = Debug|Any CPU
		{837BA0DD-C0A7-49B2-ACC4-D6D47E9FF58C}.Debug|x64.ActiveCfg = Debug|Any CPU
		{837BA0DD-C0A7-49B2-ACC4-D6D47E9FF58C}.Debug|x64.Build.0 = Debug|Any CPU
		{837BA0DD-C0A7-49B2-ACC4-D6D47E9FF58C}.Debug|x86.ActiveCfg = Debug|Any CPU
		{837BA0DD-C0A7-49B2-ACC4-D6D47E9FF58C}.Debug|x86.Build.0 = Debug|Any CPU
		{837BA0DD-C0A7-49B2-ACC4-D6D47E9FF58C}.Release|Any CPU.ActiveCfg = Release|Any CPU
		{837BA0DD-C0A7-49B2-ACC4-D6D47E9FF58C}.Release|Any CPU.Build.0 = Release|Any CPU
		{837BA0DD-C0A7-49B2-ACC4-D6D47E9FF58C}.Release|x64.ActiveCfg = Release|Any CPU
		{837BA0DD-C0A7-49B2-ACC4-D6D47E9FF58C}.Release|x64.Build.0 = Release|Any CPU
		{837BA0DD-C0A7-49B2-ACC4-D6D47E9FF58C}.Release|x86.ActiveCfg = Release|Any CPU
		{837BA0DD-C0A7-49B2-ACC4-D6D47E9FF58C}.Release|x86.Build.0 = Release|Any CPU
		{C7AAF4D2-3FF3-4FC0-91FC-86D7C0ECB12B}.Debug|Any CPU.ActiveCfg = Debug|Any CPU
		{C7AAF4D2-3FF3-4FC0-91FC-86D7C0ECB12B}.Debug|Any CPU.Build.0 = Debug|Any CPU
		{C7AAF4D2-3FF3-4FC0-91FC-86D7C0ECB12B}.Debug|x64.ActiveCfg = Debug|Any CPU
		{C7AAF4D2-3FF3-4FC0-91FC-86D7C0ECB12B}.Debug|x64.Build.0 = Debug|Any CPU
		{C7AAF4D2-3FF3-4FC0-91FC-86D7C0ECB12B}.Debug|x86.ActiveCfg = Debug|Any CPU
		{C7AAF4D2-3FF3-4FC0-91FC-86D7C0ECB12B}.Debug|x86.Build.0 = Debug|Any CPU
		{C7AAF4D2-3FF3-4FC0-91FC-86D7C0ECB12B}.Release|Any CPU.ActiveCfg = Release|Any CPU
		{C7AAF4D2-3FF3-4FC0-91FC-86D7C0ECB12B}.Release|Any CPU.Build.0 = Release|Any CPU
		{C7AAF4D2-3FF3-4FC0-91FC-86D7C0ECB12B}.Release|x64.ActiveCfg = Release|Any CPU
		{C7AAF4D2-3FF3-4FC0-91FC-86D7C0ECB12B}.Release|x64.Build.0 = Release|Any CPU
		{C7AAF4D2-3FF3-4FC0-91FC-86D7C0ECB12B}.Release|x86.ActiveCfg = Release|Any CPU
		{C7AAF4D2-3FF3-4FC0-91FC-86D7C0ECB12B}.Release|x86.Build.0 = Release|Any CPU
		{1472DF9A-CDE2-48C3-B7CF-D9A048CB8B9D}.Debug|Any CPU.ActiveCfg = Debug|Any CPU
		{1472DF9A-CDE2-48C3-B7CF-D9A048CB8B9D}.Debug|Any CPU.Build.0 = Debug|Any CPU
		{1472DF9A-CDE2-48C3-B7CF-D9A048CB8B9D}.Debug|x64.ActiveCfg = Debug|Any CPU
		{1472DF9A-CDE2-48C3-B7CF-D9A048CB8B9D}.Debug|x64.Build.0 = Debug|Any CPU
		{1472DF9A-CDE2-48C3-B7CF-D9A048CB8B9D}.Debug|x86.ActiveCfg = Debug|Any CPU
		{1472DF9A-CDE2-48C3-B7CF-D9A048CB8B9D}.Debug|x86.Build.0 = Debug|Any CPU
		{1472DF9A-CDE2-48C3-B7CF-D9A048CB8B9D}.Release|Any CPU.ActiveCfg = Release|Any CPU
		{1472DF9A-CDE2-48C3-B7CF-D9A048CB8B9D}.Release|Any CPU.Build.0 = Release|Any CPU
		{1472DF9A-CDE2-48C3-B7CF-D9A048CB8B9D}.Release|x64.ActiveCfg = Release|Any CPU
		{1472DF9A-CDE2-48C3-B7CF-D9A048CB8B9D}.Release|x64.Build.0 = Release|Any CPU
		{1472DF9A-CDE2-48C3-B7CF-D9A048CB8B9D}.Release|x86.ActiveCfg = Release|Any CPU
		{1472DF9A-CDE2-48C3-B7CF-D9A048CB8B9D}.Release|x86.Build.0 = Release|Any CPU
	EndGlobalSection
	GlobalSection(SolutionProperties) = preSolution
		HideSolutionNode = FALSE
	EndGlobalSection
EndGlobal
